lockfileVersion: '6.0'

settings:
  autoInstallPeers: true
  excludeLinksFromLockfile: false

devDependencies:
  '@cloudflare/workers-types':
    specifier: latest
    version: 4.20250831.0

packages:

  /@cloudflare/workers-types@4.20250831.0:
    resolution: {integrity: sha512-68ExGPHQaNix9yhg3L+xkHjlHieigW59Ujad+y8ZtR3lcUoZ+4jzCLciUrVHfSD/zfQg02urBYqj+oshnmfcMg==}
    dev: true
